{
  "requires": true,
  "lockfileVersion": 1,
  "dependencies": {
    "@types/three": {
      "version": "0.92.1",
      "resolved": "https://registry.npmjs.org/@types/three/-/three-0.92.1.tgz",
      "integrity": "sha512-NBEk4Qry7tRFmB4/c7I5dNvFLmFXJLbI31tD/AaJ41YlZlWHccb6G9KoXMYtmYJ1onl7ggbWudeiVWMo6VFRqg==",
      "requires": {
        "@types/webvr-api": "*"
      }
    },
    "@types/webvr-api": {
      "version": "0.0.34",
      "resolved": "https://registry.npmjs.org/@types/webvr-api/-/webvr-api-0.0.34.tgz",
      "integrity": "sha512-gVAPKK+L1blPJCFnUDmkIdRfIU8xbwl05MDXPRjnjoeDXUUzR6frPuyx9RQz+OCodmxlBcJOkjVTMTZi1BcuZw=="
    },
    "complex.js": {
      "version": "2.0.10",
      "resolved": "https://registry.npmjs.org/complex.js/-/complex.js-2.0.10.tgz",
      "integrity": "sha512-PsT3WqpnTjS2ijoMM8XodCi/BYO04vkS8kBg1YXcqf5KcnKVV6uXUc1eeLHhBksj8i7Vu9iQF2/6ZG9gqI6CPQ=="
    },
    "decimal.js": {
      "version": "9.0.1",
      "resolved": "https://registry.npmjs.org/decimal.js/-/decimal.js-9.0.1.tgz",
      "integrity": "sha512-2h0iKbJwnImBk4TGk7CG1xadoA0g3LDPlQhQzbZ221zvG0p2YVUedbKIPsOZXKZGx6YmZMJKYOalpCMxSdDqTQ=="
    },
    "escape-latex": {
      "version": "1.0.3",
      "resolved": "https://registry.npmjs.org/escape-latex/-/escape-latex-1.0.3.tgz",
      "integrity": "sha512-GfKaG/7FOKdIdciylIzgaShBTPjdGQ5LJ2EcKLKXPLpcMO1MvCEVotkhydEShwCINRacZr2r3fk5A1PwZ4e5sA=="
    },
    "fraction.js": {
      "version": "4.0.8",
      "resolved": "https://registry.npmjs.org/fraction.js/-/fraction.js-4.0.8.tgz",
      "integrity": "sha512-8Jx2AkFIFQtFaF8wP7yUIW+lnCgzPbxsholryMZ+oPK6kKjY/nUrvMKtq1+A8aSAeFau7+G/zfO8aGk2Aw1wCA=="
    },
    "javascript-natural-sort": {
      "version": "0.7.1",
      "resolved": "https://registry.npmjs.org/javascript-natural-sort/-/javascript-natural-sort-0.7.1.tgz",
      "integrity": "sha1-+eIwPUUH9tdDVac2ZNFED7Wg71k="
    },
    "mathjs": {
      "version": "4.4.1",
      "resolved": "https://registry.npmjs.org/mathjs/-/mathjs-4.4.1.tgz",
      "integrity": "sha512-PiG6ImtUqow03tUrAJPf9q3KCXguOrzNlf+4+7OzTWjwOQ3CH5jT/nPwkjZDb1WtePX5g5nkzHQsU/+mLBBXJg==",
      "requires": {
        "complex.js": "2.0.10",
        "decimal.js": "9.0.1",
        "escape-latex": "1.0.3",
        "fraction.js": "4.0.8",
        "javascript-natural-sort": "0.7.1",
        "seed-random": "2.2.0",
        "tiny-emitter": "2.0.2",
        "typed-function": "1.0.3"
      }
    },
    "requirejs": {
      "version": "2.3.5",
      "resolved": "https://registry.npmjs.org/requirejs/-/requirejs-2.3.5.tgz",
      "integrity": "sha512-svnO+aNcR/an9Dpi44C7KSAy5fFGLtmPbaaCeQaklUz8BQhS64tWWIIlvEA5jrWICzlO/X9KSzSeXFnZdBu8nw=="
    },
    "seed-random": {
      "version": "2.2.0",
      "resolved": "https://registry.npmjs.org/seed-random/-/seed-random-2.2.0.tgz",
      "integrity": "sha1-KpsZ4lCoFwmSMaW5mk2vgLf77VQ="
    },
    "tiny-emitter": {
      "version": "2.0.2",
      "resolved": "https://registry.npmjs.org/tiny-emitter/-/tiny-emitter-2.0.2.tgz",
      "integrity": "sha512-2NM0auVBGft5tee/OxP4PI3d8WItkDM+fPnaRAVo6xTDI2knbz9eC5ArWGqtGlYqiH3RU5yMpdyTTO7MguC4ow=="
    },
    "typed-function": {
      "version": "1.0.3",
      "resolved": "https://registry.npmjs.org/typed-function/-/typed-function-1.0.3.tgz",
      "integrity": "sha512-sVC/1pm70oELDFMdYtFXMFqyawenLoaDiAXA3QvOAwKF/WvFNTSJN23cY2lFNL8iP0kh3T0PPKewrboO8XUVGQ=="
    }
  }
}
