{
  "requires": true,
  "lockfileVersion": 1,
  "dependencies": {
    "@types/three": {
      "version": "0.92.1",
      "resolved": "https://registry.npmjs.org/@types/three/-/three-0.92.1.tgz",
      "integrity": "sha512-NBEk4Qry7tRFmB4/c7I5dNvFLmFXJLbI31tD/AaJ41YlZlWHccb6G9KoXMYtmYJ1onl7ggbWudeiVWMo6VFRqg==",
      "requires": {
        "@types/webvr-api": "*"
      }
    },
    "@types/webvr-api": {
      "version": "0.0.34",
      "resolved": "https://registry.npmjs.org/@types/webvr-api/-/webvr-api-0.0.34.tgz",
      "integrity": "sha512-gVAPKK+L1blPJCFnUDmkIdRfIU8xbwl05MDXPRjnjoeDXUUzR6frPuyx9RQz+OCodmxlBcJOkjVTMTZi1BcuZw=="
    }
  }
}
